
Microsoft Visual Studio Solution File, Format Version 12.00
# Visual Studio Version 17
VisualStudioVersion = 17.0.32112.339
MinimumVisualStudioVersion = 10.0.40219.1
Project("{FAE04EC0-301F-11D3-BF4B-00C04F79EFBC}") = "Exercises", "Exercises.csproj", "{AE98EA42-E713-43CE-8334-EB7A65DFE3A4}"
EndProject
Global
	GlobalSection(SolutionConfigurationPlatforms) = preSolution
		Debug|Any CPU = Debug|Any CPU
		Release|Any CPU = Release|Any CPU
	EndGlobalSection
	GlobalSection(ProjectConfigurationPlatforms) = postSolution
		{AE98EA42-E713-43CE-8334-EB7A65DFE3A4}.Debug|Any CPU.ActiveCfg = Debug|Any CPU
		{AE98EA42-E713-43CE-8334-EB7A65DFE3A4}.Debug|Any CPU.Build.0 = Debug|Any CPU
		{AE98EA42-E713-43CE-8334-EB7A65DFE3A4}.Release|Any CPU.ActiveCfg = Release|Any CPU
		{AE98EA42-E713-43CE-8334-EB7A65DFE3A4}.Release|Any CPU.Build.0 = Release|Any CPU
	EndGlobalSection
	GlobalSection(SolutionProperties) = preSolution
		HideSolutionNode = FALSE
	EndGlobalSection
	GlobalSection(ExtensibilityGlobals) = postSolution
		SolutionGuid = {DD7716D1-0185-4FFE-8491-171768C379EB}
	EndGlobalSection
EndGlobal
